
Microsoft Visual Studio Solution File, Format Version 12.00
# Visual Studio 2015
Project("{FAE04EC0-301F-11D3-BF4B-00C04F79EFBC}") = "Jugan's Nightmare.CSharp", "Jugan's Nightmare.CSharp.csproj", "{BD855E3A-ED50-062D-CDCB-35E205280DD9}"
EndProject
Global
	GlobalSection(SolutionConfigurationPlatforms) = preSolution
		Debug|Any CPU = Debug|Any CPU
		Release|Any CPU = Release|Any CPU
	EndGlobalSection
	GlobalSection(ProjectConfigurationPlatforms) = postSolution
		{BD855E3A-ED50-062D-CDCB-35E205280DD9}.Debug|Any CPU.ActiveCfg = Debug|Any CPU
		{BD855E3A-ED50-062D-CDCB-35E205280DD9}.Debug|Any CPU.Build.0 = Debug|Any CPU
		{BD855E3A-ED50-062D-CDCB-35E205280DD9}.Release|Any CPU.ActiveCfg = Release|Any CPU
		{BD855E3A-ED50-062D-CDCB-35E205280DD9}.Release|Any CPU.Build.0 = Release|Any CPU
	EndGlobalSection
	GlobalSection(SolutionProperties) = preSolution
		HideSolutionNode = FALSE
	EndGlobalSection
EndGlobal
